{
    "_meta": {
        "hash": {
            "sha256": "c8070f60ced11cd3a8774f2fdb954d1fe8b53575f955bf2c0a74b322a092ce80"
        },
        "pipfile-spec": 6,
        "requires": {
            "python_full_version": "3.10.9",
            "python_version": "3.10"
        },
        "sources": [
            {
                "name": "pypi",
                "url": "https://pypi.org/simple",
                "verify_ssl": true
            }
        ]
    },
    "default": {
        "anyio": {
            "hashes": [
                "sha256:25ea0d673ae30af41a0c442f81cf3b38c7e79fdc7b60335a4c14e05eb0947421",
                "sha256:fbbe32bd270d2a2ef3ed1c5d45041250284e31fc0a4df4a5a6071842051a51e3"
            ],
            "markers": "python_full_version >= '3.6.2'",
            "version": "==3.6.2"
        },
        "asyncpg": {
            "hashes": [
                "sha256:16ba8ec2e85d586b4a12bcd03e8d29e3d99e832764d6a1d0b8c27dbbe4a2569d",
                "sha256:18f77e8e71e826ba2d0c3ba6764930776719ae2b225ca07e014590545928b576",
                "sha256:1b6499de06fe035cf2fa932ec5617ed3f37d4ebbf663b655922e105a484a6af9",
                "sha256:20b596d8d074f6f695c13ffb8646d0b6bb1ab570ba7b0cfd349b921ff03cfc1e",
                "sha256:2232ebae9796d4600a7819fc383da78ab51b32a092795f4555575fc934c1c89d",
                "sha256:4750f5cf49ed48a6e49c6e5aed390eee367694636c2dcfaf4a273ca832c5c43c",
                "sha256:4bb366ae34af5b5cabc3ac6a5347dfb6013af38c68af8452f27968d49085ecc0",
                "sha256:5710cb0937f696ce303f5eed6d272e3f057339bb4139378ccecafa9ee923a71c",
                "sha256:609054a1f47292a905582a1cfcca51a6f3f30ab9d822448693e66fdddde27920",
                "sha256:62932f29cf2433988fcd799770ec64b374a3691e7902ecf85da14d5e0854d1ea",
                "sha256:69aa1b443a182b13a17ff926ed6627af2d98f62f2fe5890583270cc4073f63bf",
                "sha256:71cca80a056ebe19ec74b7117b09e650990c3ca535ac1c35234a96f65604192f",
                "sha256:720986d9a4705dd8a40fdf172036f5ae787225036a7eb46e704c45aa8f62c054",
                "sha256:768e0e7c2898d40b16d4ef7a0b44e8150db3dd8995b4652aa1fe2902e92c7df8",
                "sha256:7a6206210c869ebd3f4eb9e89bea132aefb56ff3d1b7dd7e26b102b17e27bbb1",
                "sha256:7d8585707ecc6661d07367d444bbaa846b4e095d84451340da8df55a3757e152",
                "sha256:8113e17cfe236dc2277ec844ba9b3d5312f61bd2fdae6d3ed1c1cdd75f6cf2d8",
                "sha256:879c29a75969eb2722f94443752f4720d560d1e748474de54ae8dd230bc4956b",
                "sha256:88b62164738239f62f4af92567b846a8ef7cf8abf53eddd83650603de4d52163",
                "sha256:8934577e1ed13f7d2d9cea3cc016cc6f95c19faedea2c2b56a6f94f257cea672",
                "sha256:9654085f2b22f66952124de13a8071b54453ff972c25c59b5ce1173a4283ffd9",
                "sha256:975a320baf7020339a67315284a4d3bf7460e664e484672bd3e71dbd881bc692",
                "sha256:9a3a4ff43702d39e3c97a8786314123d314e0f0e4dabc8367db5b665c93914de",
                "sha256:a7a94c03386bb95456b12c66026b3a87d1b965f0f1e5733c36e7229f8f137747",
                "sha256:ab0f21c4818d46a60ca789ebc92327d6d874d3b7ccff3963f7af0a21dc6cff52",
                "sha256:bb71211414dd1eeb8d31ec529fe77cff04bf53efc783a5f6f0a32d84923f45cf",
                "sha256:bf21ebf023ec67335258e0f3d3ad7b91bb9507985ba2b2206346de488267cad0",
                "sha256:bfc3980b4ba6f97138b04f0d32e8af21d6c9fa1f8e6e140c07d15690a0a99279",
                "sha256:c2232d4625c558f2aa001942cac1d7952aa9f0dbfc212f63bc754277769e1ef2",
                "sha256:ccddb9419ab4e1c48742457d0c0362dbdaeb9b28e6875115abfe319b29ee225d",
                "sha256:d20dea7b83651d93b1eb2f353511fe7fd554752844523f17ad30115d8b9c8cd6",
                "sha256:e56ac8a8237ad4adec97c0cd4728596885f908053ab725e22900b5902e7f8e69",
                "sha256:eb4b2fdf88af4fb1cc569781a8f933d2a73ee82cd720e0cb4edabbaecf2a905b",
                "sha256:eca01eb112a39d31cc4abb93a5aef2a81514c23f70956729f42fb83b11b3483f",
                "sha256:fca608d199ffed4903dce1bcd97ad0fe8260f405c1c225bdf0002709132171c2",
                "sha256:fddcacf695581a8d856654bc4c8cfb73d5c9df26d5f55201722d3e6a699e9629"
            ],
            "index": "pypi",
            "version": "==0.27.0"
        },
        "bcrypt": {
            "hashes": [
                "sha256:089098effa1bc35dc055366740a067a2fc76987e8ec75349eb9484061c54f535",
                "sha256:08d2947c490093a11416df18043c27abe3921558d2c03e2076ccb28a116cb6d0",
                "sha256:0eaa47d4661c326bfc9d08d16debbc4edf78778e6aaba29c1bc7ce67214d4410",
                "sha256:27d375903ac8261cfe4047f6709d16f7d18d39b1ec92aaf72af989552a650ebd",
                "sha256:2b3ac11cf45161628f1f3733263e63194f22664bf4d0c0f3ab34099c02134665",
                "sha256:2caffdae059e06ac23fce178d31b4a702f2a3264c20bfb5ff541b338194d8fab",
                "sha256:3100851841186c25f127731b9fa11909ab7b1df6fc4b9f8353f4f1fd952fbf71",
                "sha256:5ad4d32a28b80c5fa6671ccfb43676e8c1cc232887759d1cd7b6f56ea4355215",
                "sha256:67a97e1c405b24f19d08890e7ae0c4f7ce1e56a712a016746c8b2d7732d65d4b",
                "sha256:705b2cea8a9ed3d55b4491887ceadb0106acf7c6387699fca771af56b1cdeeda",
                "sha256:8a68f4341daf7522fe8d73874de8906f3a339048ba406be6ddc1b3ccb16fc0d9",
                "sha256:a522427293d77e1c29e303fc282e2d71864579527a04ddcfda6d4f8396c6c36a",
                "sha256:ae88eca3024bb34bb3430f964beab71226e761f51b912de5133470b649d82344",
                "sha256:b1023030aec778185a6c16cf70f359cbb6e0c289fd564a7cfa29e727a1c38f8f",
                "sha256:b3b85202d95dd568efcb35b53936c5e3b3600c7cdcc6115ba461df3a8e89f38d",
                "sha256:b57adba8a1444faf784394de3436233728a1ecaeb6e07e8c22c8848f179b893c",
                "sha256:bf4fa8b2ca74381bb5442c089350f09a3f17797829d958fad058d6e44d9eb83c",
                "sha256:ca3204d00d3cb2dfed07f2d74a25f12fc12f73e606fcaa6975d1f7ae69cacbb2",
                "sha256:cbb03eec97496166b704ed663a53680ab57c5084b2fc98ef23291987b525cb7d",
                "sha256:e9a51bbfe7e9802b5f3508687758b564069ba937748ad7b9e890086290d2f79e",
                "sha256:fbdaec13c5105f0c4e5c52614d04f0bca5f5af007910daa8b6b12095edaa67b3"
            ],
            "index": "pypi",
            "version": "==4.0.1"
        },
        "certifi": {
            "hashes": [
                "sha256:35824b4c3a97115964b408844d64aa14db1cc518f6562e8d7261699d1350a9e3",
                "sha256:4ad3232f5e926d6718ec31cfc1fcadfde020920e278684144551c91769c7bc18"
            ],
            "markers": "python_version >= '3.6'",
            "version": "==2022.12.7"
        },
        "click": {
            "hashes": [
                "sha256:7682dc8afb30297001674575ea00d1814d808d6a36af415a82bd481d37ba7b8e",
                "sha256:bb4d8133cb15a609f44e8213d9b391b0809795062913b383c62be0ee95b1db48"
            ],
            "markers": "python_version >= '3.7'",
            "version": "==8.1.3"
        },
        "databases": {
            "hashes": [
                "sha256:cf5da4b8a3e3cd038c459529725ebb64931cbbb7a091102664f20ef8f6cefd0d",
                "sha256:ea2d419d3d2eb80595b7ceb8f282056f080af62efe2fb9bcd83562f93ec4b674"
            ],
            "index": "pypi",
            "version": "==0.7.0"
        },
        "fastapi": {
            "hashes": [
                "sha256:99d4fdb10e9dd9a24027ac1d0bd4b56702652056ca17a6c8721eec4ad2f14e18",
                "sha256:daf73bbe844180200be7966f68e8ec9fd8be57079dff1bacb366db32729e6eb5"
            ],
            "index": "pypi",
            "version": "==0.95.0"
        },
        "fastapi-security": {
            "hashes": [
                "sha256:5ca503019790340eaed36c6f710d501ac75bcfa1a598521d93ee739ea3525dd8",
                "sha256:ed86fc283d7ddcba306bdcf90c5e0a4d022d03d92a5cd6ceb700fb0eed21c19a"
            ],
            "index": "pypi",
            "version": "==0.5.0"
        },
        "fastapi-sessions": {
            "hashes": [
                "sha256:5159023fd548f8a9c198a966cf1086a73a43038cf3b9b79175fe33129f15e64c",
                "sha256:b7f5642224b8f03661428e9fb45c9d96c4e61a9cdf963c9ba36ce8428629b0bc"
            ],
            "index": "pypi",
            "version": "==0.3.2"
        },
        "greenlet": {
            "hashes": [
                "sha256:03a8f4f3430c3b3ff8d10a2a86028c660355ab637cee9333d63d66b56f09d52a",
                "sha256:0bf60faf0bc2468089bdc5edd10555bab6e85152191df713e2ab1fcc86382b5a",
                "sha256:18a7f18b82b52ee85322d7a7874e676f34ab319b9f8cce5de06067384aa8ff43",
                "sha256:18e98fb3de7dba1c0a852731c3070cf022d14f0d68b4c87a19cc1016f3bb8b33",
                "sha256:1a819eef4b0e0b96bb0d98d797bef17dc1b4a10e8d7446be32d1da33e095dbb8",
                "sha256:26fbfce90728d82bc9e6c38ea4d038cba20b7faf8a0ca53a9c07b67318d46088",
                "sha256:2780572ec463d44c1d3ae850239508dbeb9fed38e294c68d19a24d925d9223ca",
                "sha256:283737e0da3f08bd637b5ad058507e578dd462db259f7f6e4c5c365ba4ee9343",
                "sha256:2d4686f195e32d36b4d7cf2d166857dbd0ee9f3d20ae349b6bf8afc8485b3645",
                "sha256:2dd11f291565a81d71dab10b7033395b7a3a5456e637cf997a6f33ebdf06f8db",
                "sha256:30bcf80dda7f15ac77ba5af2b961bdd9dbc77fd4ac6105cee85b0d0a5fcf74df",
                "sha256:32e5b64b148966d9cccc2c8d35a671409e45f195864560829f395a54226408d3",
                "sha256:36abbf031e1c0f79dd5d596bfaf8e921c41df2bdf54ee1eed921ce1f52999a86",
                "sha256:3a06ad5312349fec0ab944664b01d26f8d1f05009566339ac6f63f56589bc1a2",
                "sha256:3a51c9751078733d88e013587b108f1b7a1fb106d402fb390740f002b6f6551a",
                "sha256:3c9b12575734155d0c09d6c3e10dbd81665d5c18e1a7c6597df72fd05990c8cf",
                "sha256:3f6ea9bd35eb450837a3d80e77b517ea5bc56b4647f5502cd28de13675ee12f7",
                "sha256:4b58adb399c4d61d912c4c331984d60eb66565175cdf4a34792cd9600f21b394",
                "sha256:4d2e11331fc0c02b6e84b0d28ece3a36e0548ee1a1ce9ddde03752d9b79bba40",
                "sha256:5454276c07d27a740c5892f4907c86327b632127dd9abec42ee62e12427ff7e3",
                "sha256:561091a7be172ab497a3527602d467e2b3fbe75f9e783d8b8ce403fa414f71a6",
                "sha256:6c3acb79b0bfd4fe733dff8bc62695283b57949ebcca05ae5c129eb606ff2d74",
                "sha256:703f18f3fda276b9a916f0934d2fb6d989bf0b4fb5a64825260eb9bfd52d78f0",
                "sha256:7492e2b7bd7c9b9916388d9df23fa49d9b88ac0640db0a5b4ecc2b653bf451e3",
                "sha256:76ae285c8104046b3a7f06b42f29c7b73f77683df18c49ab5af7983994c2dd91",
                "sha256:7cafd1208fdbe93b67c7086876f061f660cfddc44f404279c1585bbf3cdc64c5",
                "sha256:7efde645ca1cc441d6dc4b48c0f7101e8d86b54c8530141b09fd31cef5149ec9",
                "sha256:88d9ab96491d38a5ab7c56dd7a3cc37d83336ecc564e4e8816dbed12e5aaefc8",
                "sha256:8eab883b3b2a38cc1e050819ef06a7e6344d4a990d24d45bc6f2cf959045a45b",
                "sha256:910841381caba4f744a44bf81bfd573c94e10b3045ee00de0cbf436fe50673a6",
                "sha256:9190f09060ea4debddd24665d6804b995a9c122ef5917ab26e1566dcc712ceeb",
                "sha256:937e9020b514ceedb9c830c55d5c9872abc90f4b5862f89c0887033ae33c6f73",
                "sha256:94c817e84245513926588caf1152e3b559ff794d505555211ca041f032abbb6b",
                "sha256:971ce5e14dc5e73715755d0ca2975ac88cfdaefcaab078a284fea6cfabf866df",
                "sha256:9d14b83fab60d5e8abe587d51c75b252bcc21683f24699ada8fb275d7712f5a9",
                "sha256:9f35ec95538f50292f6d8f2c9c9f8a3c6540bbfec21c9e5b4b751e0a7c20864f",
                "sha256:a1846f1b999e78e13837c93c778dcfc3365902cfb8d1bdb7dd73ead37059f0d0",
                "sha256:acd2162a36d3de67ee896c43effcd5ee3de247eb00354db411feb025aa319857",
                "sha256:b0ef99cdbe2b682b9ccbb964743a6aca37905fda5e0452e5ee239b1654d37f2a",
                "sha256:b80f600eddddce72320dbbc8e3784d16bd3fb7b517e82476d8da921f27d4b249",
                "sha256:b864ba53912b6c3ab6bcb2beb19f19edd01a6bfcbdfe1f37ddd1778abfe75a30",
                "sha256:b9ec052b06a0524f0e35bd8790686a1da006bd911dd1ef7d50b77bfbad74e292",
                "sha256:ba2956617f1c42598a308a84c6cf021a90ff3862eddafd20c3333d50f0edb45b",
                "sha256:bdfea8c661e80d3c1c99ad7c3ff74e6e87184895bbaca6ee8cc61209f8b9b85d",
                "sha256:be4ed120b52ae4d974aa40215fcdfde9194d63541c7ded40ee12eb4dda57b76b",
                "sha256:c4302695ad8027363e96311df24ee28978162cdcdd2006476c43970b384a244c",
                "sha256:c48f54ef8e05f04d6eff74b8233f6063cb1ed960243eacc474ee73a2ea8573ca",
                "sha256:c9c59a2120b55788e800d82dfa99b9e156ff8f2227f07c5e3012a45a399620b7",
                "sha256:cd021c754b162c0fb55ad5d6b9d960db667faad0fa2ff25bb6e1301b0b6e6a75",
                "sha256:d27ec7509b9c18b6d73f2f5ede2622441de812e7b1a80bbd446cb0633bd3d5ae",
                "sha256:d5508f0b173e6aa47273bdc0a0b5ba055b59662ba7c7ee5119528f466585526b",
                "sha256:d75209eed723105f9596807495d58d10b3470fa6732dd6756595e89925ce2470",
                "sha256:db1a39669102a1d8d12b57de2bb7e2ec9066a6f2b3da35ae511ff93b01b5d564",
                "sha256:dbfcfc0218093a19c252ca8eb9aee3d29cfdcb586df21049b9d777fd32c14fd9",
                "sha256:e0f72c9ddb8cd28532185f54cc1453f2c16fb417a08b53a855c4e6a418edd099",
                "sha256:e7c8dc13af7db097bed64a051d2dd49e9f0af495c26995c00a9ee842690d34c0",
                "sha256:ea9872c80c132f4663822dd2a08d404073a5a9b5ba6155bea72fb2a79d1093b5",
                "sha256:eff4eb9b7eb3e4d0cae3d28c283dc16d9bed6b193c2e1ace3ed86ce48ea8df19",
                "sha256:f82d4d717d8ef19188687aa32b8363e96062911e63ba22a0cff7802a8e58e5f1",
                "sha256:fc3a569657468b6f3fb60587e48356fe512c1754ca05a564f11366ac9e306526"
            ],
            "markers": "python_version >= '3' and platform_machine == 'aarch64' or (platform_machine == 'ppc64le' or (platform_machine == 'x86_64' or (platform_machine == 'amd64' or (platform_machine == 'AMD64' or (platform_machine == 'win32' or platform_machine == 'WIN32')))))",
            "version": "==2.0.2"
        },
        "h11": {
            "hashes": [
                "sha256:8f19fbbe99e72420ff35c00b27a34cb9937e902a8b810e2c88300c6f0a3b699d",
                "sha256:e3fe4ac4b851c468cc8363d500db52c2ead036020723024a109d37346efaa761"
            ],
            "markers": "python_version >= '3.7'",
            "version": "==0.14.0"
        },
        "httpcore": {
            "hashes": [
                "sha256:c5d6f04e2fc530f39e0c077e6a30caa53f1451096120f1f38b954afd0b17c0cb",
                "sha256:da1fb708784a938aa084bde4feb8317056c55037247c787bd7e19eb2c2949dc0"
            ],
            "markers": "python_version >= '3.7'",
            "version": "==0.16.3"
        },
        "httpx": {
            "hashes": [
                "sha256:9818458eb565bb54898ccb9b8b251a28785dd4a55afbc23d0eb410754fe7d0f9",
                "sha256:a211fcce9b1254ea24f0cd6af9869b3d29aba40154e947d2a07bb499b3e310d6"
            ],
            "index": "pypi",
            "version": "==0.23.3"
        },
        "idna": {
            "hashes": [
                "sha256:814f528e8dead7d329833b91c5faa87d60bf71824cd12a7530b5526063d02cb4",
                "sha256:90b77e79eaa3eba6de819a0c442c0b4ceefc341a7a2ab77d7562bf49f425c5c2"
            ],
            "version": "==3.4"
        },
        "itsdangerous": {
            "hashes": [
                "sha256:2c2349112351b88699d8d4b6b075022c0808887cb7ad10069318a8b0bc88db44",
                "sha256:5dbbc68b317e5e42f327f9021763545dc3fc3bfe22e6deb96aaf1fc38874156a"
            ],
            "markers": "python_version >= '3.7'",
            "version": "==2.1.2"
        },
        "pydantic": {
            "hashes": [
                "sha256:01aea3a42c13f2602b7ecbbea484a98169fb568ebd9e247593ea05f01b884b2e",
                "sha256:0cd181f1d0b1d00e2b705f1bf1ac7799a2d938cce3376b8007df62b29be3c2c6",
                "sha256:10a86d8c8db68086f1e30a530f7d5f83eb0685e632e411dbbcf2d5c0150e8dcd",
                "sha256:193924c563fae6ddcb71d3f06fa153866423ac1b793a47936656e806b64e24ca",
                "sha256:464855a7ff7f2cc2cf537ecc421291b9132aa9c79aef44e917ad711b4a93163b",
                "sha256:516f1ed9bc2406a0467dd777afc636c7091d71f214d5e413d64fef45174cfc7a",
                "sha256:6434b49c0b03a51021ade5c4daa7d70c98f7a79e95b551201fff682fc1661245",
                "sha256:64d34ab766fa056df49013bb6e79921a0265204c071984e75a09cbceacbbdd5d",
                "sha256:670bb4683ad1e48b0ecb06f0cfe2178dcf74ff27921cdf1606e527d2617a81ee",
                "sha256:68792151e174a4aa9e9fc1b4e653e65a354a2fa0fed169f7b3d09902ad2cb6f1",
                "sha256:701daea9ffe9d26f97b52f1d157e0d4121644f0fcf80b443248434958fd03dc3",
                "sha256:7d45fc99d64af9aaf7e308054a0067fdcd87ffe974f2442312372dfa66e1001d",
                "sha256:80b1fab4deb08a8292d15e43a6edccdffa5377a36a4597bb545b93e79c5ff0a5",
                "sha256:82dffb306dd20bd5268fd6379bc4bfe75242a9c2b79fec58e1041fbbdb1f7914",
                "sha256:8c7f51861d73e8b9ddcb9916ae7ac39fb52761d9ea0df41128e81e2ba42886cd",
                "sha256:950ce33857841f9a337ce07ddf46bc84e1c4946d2a3bba18f8280297157a3fd1",
                "sha256:976cae77ba6a49d80f461fd8bba183ff7ba79f44aa5cfa82f1346b5626542f8e",
                "sha256:9f6f0fd68d73257ad6685419478c5aece46432f4bdd8d32c7345f1986496171e",
                "sha256:a7cd2251439988b413cb0a985c4ed82b6c6aac382dbaff53ae03c4b23a70e80a",
                "sha256:abfb7d4a7cd5cc4e1d1887c43503a7c5dd608eadf8bc615413fc498d3e4645cd",
                "sha256:ae150a63564929c675d7f2303008d88426a0add46efd76c3fc797cd71cb1b46f",
                "sha256:b0f85904f73161817b80781cc150f8b906d521fa11e3cdabae19a581c3606209",
                "sha256:b4a849d10f211389502059c33332e91327bc154acc1845f375a99eca3afa802d",
                "sha256:c15582f9055fbc1bfe50266a19771bbbef33dd28c45e78afbe1996fd70966c2a",
                "sha256:c230c0d8a322276d6e7b88c3f7ce885f9ed16e0910354510e0bae84d54991143",
                "sha256:cc1dde4e50a5fc1336ee0581c1612215bc64ed6d28d2c7c6f25d2fe3e7c3e918",
                "sha256:cf135c46099ff3f919d2150a948ce94b9ce545598ef2c6c7bf55dca98a304b52",
                "sha256:cfc83c0678b6ba51b0532bea66860617c4cd4251ecf76e9846fa5a9f3454e97e",
                "sha256:d2a5ebb48958754d386195fe9e9c5106f11275867051bf017a8059410e9abf1f",
                "sha256:d71e69699498b020ea198468e2480a2f1e7433e32a3a99760058c6520e2bea7e",
                "sha256:d75ae19d2a3dbb146b6f324031c24f8a3f52ff5d6a9f22f0683694b3afcb16fb",
                "sha256:dfe2507b8ef209da71b6fb5f4e597b50c5a34b78d7e857c4f8f3115effaef5fe",
                "sha256:e0cfe895a504c060e5d36b287ee696e2fdad02d89e0d895f83037245218a87fe",
                "sha256:e79e999e539872e903767c417c897e729e015872040e56b96e67968c3b918b2d",
                "sha256:ecbbc51391248116c0a055899e6c3e7ffbb11fb5e2a4cd6f2d0b93272118a209",
                "sha256:f4a2b50e2b03d5776e7f21af73e2070e1b5c0d0df255a827e7c632962f8315af"
            ],
            "index": "pypi",
            "version": "==1.10.7"
        },
        "rfc3986": {
            "extras": [
                "idna2008"
            ],
            "hashes": [
                "sha256:270aaf10d87d0d4e095063c65bf3ddbc6ee3d0b226328ce21e036f946e421835",
                "sha256:a86d6e1f5b1dc238b218b012df0aa79409667bb209e58da56d0b94704e712a97"
            ],
            "version": "==1.5.0"
        },
        "sniffio": {
            "hashes": [
                "sha256:e60305c5e5d314f5389259b7f22aaa33d8f7dee49763119234af3755c55b9101",
                "sha256:eecefdce1e5bbfb7ad2eeaabf7c1eeb404d7757c379bd1f7e5cce9d8bf425384"
            ],
            "markers": "python_version >= '3.7'",
            "version": "==1.3.0"
        },
        "sqlalchemy": {
            "hashes": [
                "sha256:03be6f3cb66e69fb3a09b5ea89d77e4bc942f3bf84b207dba84666a26799c166",
                "sha256:048509d7f3ac27b83ad82fd96a1ab90a34c8e906e4e09c8d677fc531d12c23c5",
                "sha256:07764b240645627bc3e82596435bd1a1884646bfc0721642d24c26b12f1df194",
                "sha256:0fdbb8e9d4e9003f332a93d6a37bca48ba8095086c97a89826a136d8eddfc455",
                "sha256:10edbb92a9ef611f01b086e271a9f6c1c3e5157c3b0c5ff62310fb2187acbd4a",
                "sha256:14a3879853208a242b5913f3a17c6ac0eae9dc210ff99c8f10b19d4a1ed8ed9b",
                "sha256:16ee6fea316790980779268da47a9260d5dd665c96f225d28e7750b0bb2e2a04",
                "sha256:1e2a42017984099ef6f56438a6b898ce0538f6fadddaa902870c5aa3e1d82583",
                "sha256:28297aa29e035f29cba6b16aacd3680fbc6a9db682258d5f2e7b49ec215dbe40",
                "sha256:28fda5a69d6182589892422c5a9b02a8fd1125787aab1d83f1392aa955bf8d0a",
                "sha256:299b5c5c060b9fbe51808d0d40d8475f7b3873317640b9b7617c7f988cf59fda",
                "sha256:2bba39b12b879c7b35cde18b6e14119c5f1a16bd064a48dd2ac62d21366a5e17",
                "sha256:32ab09f2863e3de51529aa84ff0e4fe89a2cb1bfbc11e225b6dbc60814e44c94",
                "sha256:45e799c1a41822eba6bee4e59b0e38764e1a1ee69873ab2889079865e9ea0e23",
                "sha256:511d4abc823152dec49461209607bbfb2df60033c8c88a3f7c93293b8ecbb13d",
                "sha256:557675e0befafa08d36d7a9284e8761c97490a248474d778373fb96b0d7fd8de",
                "sha256:6572d7c96c2e3e126d0bb27bfb1d7e2a195b68d951fcc64c146b94f088e5421a",
                "sha256:684e5c773222781775c7f77231f412633d8af22493bf35b7fa1029fdf8066d10",
                "sha256:6a94632ba26a666e7be0a7d7cc3f7acab622a04259a3aa0ee50ff6d44ba9df0d",
                "sha256:6b6d807c76c20b4bc143a49ad47782228a2ac98bdcdcb069da54280e138847fc",
                "sha256:7120a2f72599d4fed7c001fa1cbbc5b4d14929436135768050e284f53e9fbe5e",
                "sha256:71d4bf7768169c4502f6c2b0709a02a33703544f611810fb0c75406a9c576ee1",
                "sha256:795b5b9db573d3ed61fae74285d57d396829e3157642794d3a8f72ec2a5c719b",
                "sha256:7a4df53472c9030a8ddb1cce517757ba38a7a25699bbcabd57dcc8a5d53f324e",
                "sha256:8f216a51451a0a0466e082e163591f6dcb2f9ec182adb3f1f4b1fd3688c7582c",
                "sha256:95fc02f7fc1f3199aaa47a8a757437134cf618e9d994c84effd53f530c38586f",
                "sha256:989c62b96596b7938cbc032e39431e6c2d81b635034571d6a43a13920852fb65",
                "sha256:998e782c8d9fd57fa8704d149ccd52acf03db30d7dd76f467fd21c1c21b414fa",
                "sha256:9a198f690ac12a3a807e03a5a45df6a30cd215935f237a46f4248faed62e69c8",
                "sha256:a6c3929df5eeaf3867724003d5c19fed3f0c290f3edc7911616616684f200ecf",
                "sha256:bb2797fee8a7914fb2c3dc7de404d3f96eb77f20fc60e9ee38dc6b0ca720f2c2",
                "sha256:bd988b3362d7e586ef581eb14771bbb48793a4edb6fcf62da75d3f0f3447060b",
                "sha256:ca8ab6748e3ec66afccd8b23ec2f92787a58d5353ce9624dccd770427ee67c82",
                "sha256:dbe57f39f531c5d68d5594ea4613daa60aba33bb51a8cc42f96f17bbd6305e8d",
                "sha256:dcfb480bfc9e1fab726003ae00a6bfc67a29bad275b63a4e36d17fe7f13a624e",
                "sha256:dd45c60cc4f6d68c30d5179e2c2c8098f7112983532897566bb69c47d87127d3",
                "sha256:dde4d02213f1deb49eaaf8be8a6425948963a7af84983b3f22772c63826944de",
                "sha256:e3b67bda733da1dcdccaf354e71ef01b46db483a4f6236450d3f9a61efdba35a",
                "sha256:e98ef1babe34f37f443b7211cd3ee004d9577a19766e2dbacf62fce73c76245a",
                "sha256:f80915681ea9001f19b65aee715115f2ad310730c8043127cf3e19b3009892dd",
                "sha256:fc700b862e0a859a37faf85367e205e7acaecae5a098794aff52fdd8aea77b12"
            ],
            "index": "pypi",
            "version": "==1.4.47"
        },
        "starlette": {
            "hashes": [
                "sha256:41da799057ea8620e4667a3e69a5b1923ebd32b1819c8fa75634bbe8d8bea9bd",
                "sha256:e87fce5d7cbdde34b76f0ac69013fd9d190d581d80681493016666e6f96c6d5e"
            ],
            "markers": "python_version >= '3.7'",
            "version": "==0.26.1"
        },
        "typing-extensions": {
            "hashes": [
                "sha256:5cb5f4a79139d699607b3ef622a1dedafa84e115ab0024e0d9c044a9479ca7cb",
                "sha256:fb33085c39dd998ac16d1431ebc293a8b3eedd00fd4a32de0ff79002c19511b4"
            ],
            "markers": "python_version >= '3.7'",
            "version": "==4.5.0"
        },
        "uvicorn": {
            "hashes": [
                "sha256:0fac9cb342ba099e0d582966005f3fdba5b0290579fed4a6266dc702ca7bb032",
                "sha256:e47cac98a6da10cd41e6fd036d472c6f58ede6c5dbee3dbee3ef7a100ed97742"
            ],
            "index": "pypi",
            "version": "==0.21.1"
        }
    },
    "develop": {}
}
